{
  "requires": true,
  "lockfileVersion": 1,
  "dependencies": {
    "@ionic/angular": {
      "version": "4.11.5",
      "resolved": "https://registry.npmjs.org/@ionic/angular/-/angular-4.11.5.tgz",
      "integrity": "sha512-OV9mIVejVhsoysLLP8mG6kWgVJ/kEyQAIK6UVXHYvK/50ZFLsKJKacBjBkn1fkXaZ4LfuPmJDRmFWUur5PWrEQ==",
      "requires": {
        "@ionic/core": "4.11.5",
        "tslib": "^1.9.3"
      }
    },
    "@ionic/core": {
      "version": "4.11.5",
      "resolved": "https://registry.npmjs.org/@ionic/core/-/core-4.11.5.tgz",
      "integrity": "sha512-+TrMpTdya6JBd4RELLVkulXh5dNZNHypsGMKlYCJJcIZwsvObO9+uzxBhGSOX7+F7eMuR341FUcTMb0fib9TNA==",
      "requires": {
        "ionicons": "^4.6.3",
        "tslib": "^1.10.0"
      }
    },
    "ionicons": {
      "version": "4.6.3",
      "resolved": "https://registry.npmjs.org/ionicons/-/ionicons-4.6.3.tgz",
      "integrity": "sha512-cgP+VIr2cTJpMfFyVHTerq6n2jeoiGboVoe3GlaAo5zoSBDAEXORwUZhv6m+lCyxlsHCS3nqPUE+MKyZU71t8Q=="
    },
    "tslib": {
      "version": "1.10.0",
      "resolved": "https://registry.npmjs.org/tslib/-/tslib-1.10.0.tgz",
      "integrity": "sha512-qOebF53frne81cf0S9B41ByenJ3/IuH8yJKngAX35CmiZySA0khhkovshKK+jGCaMnVomla7gVlIcc3EvKPbTQ=="
    }
  }
}
